
Microsoft Visual Studio Solution File, Format Version 12.00
# Visual Studio Version 17
VisualStudioVersion = 17.9.34310.174
MinimumVisualStudioVersion = 10.0.40219.1
Project("{FAE04EC0-301F-11D3-BF4B-00C04F79EFBC}") = "Nua", "Nua\Nua.csproj", "{04F7C981-0D49-4CBF-AF30-1B4D78EBDC23}"
EndProject
Global
	GlobalSection(SolutionConfigurationPlatforms) = preSolution
		Debug|Any CPU = Debug|Any CPU
		Release|Any CPU = Release|Any CPU
	EndGlobalSection
	GlobalSection(ProjectConfigurationPlatforms) = postSolution
		{04F7C981-0D49-4CBF-AF30-1B4D78EBDC23}.Debug|Any CPU.ActiveCfg = Debug|Any CPU
		{04F7C981-0D49-4CBF-AF30-1B4D78EBDC23}.Debug|Any CPU.Build.0 = Debug|Any CPU
		{04F7C981-0D49-4CBF-AF30-1B4D78EBDC23}.Release|Any CPU.ActiveCfg = Release|Any CPU
		{04F7C981-0D49-4CBF-AF30-1B4D78EBDC23}.Release|Any CPU.Build.0 = Release|Any CPU
	EndGlobalSection
	GlobalSection(SolutionProperties) = preSolution
		HideSolutionNode = FALSE
	EndGlobalSection
	GlobalSection(ExtensibilityGlobals) = postSolution
		SolutionGuid = {AFB637EA-9D40-4D0F-90AF-3151597F22BA}
	EndGlobalSection
EndGlobal
